
Microsoft Visual Studio Solution File, Format Version 12.00
# Visual Studio Version 17
VisualStudioVersion = 17.14.36429.23 d17.14
MinimumVisualStudioVersion = 10.0.40219.1
Project("{FAE04EC0-301F-11D3-BF4B-00C04F79EFBC}") = "ailab-super-app", "ailab-super-app\ailab-super-app.csproj", "{2472F8D2-026E-49E7-A39C-0C68AB2C691C}"
EndProject
Global
	GlobalSection(SolutionConfigurationPlatforms) = preSolution
		Debug|Any CPU = Debug|Any CPU
		Release|Any CPU = Release|Any CPU
	EndGlobalSection
	GlobalSection(ProjectConfigurationPlatforms) = postSolution
		{2472F8D2-026E-49E7-A39C-0C68AB2C691C}.Debug|Any CPU.ActiveCfg = Debug|Any CPU
		{2472F8D2-026E-49E7-A39C-0C68AB2C691C}.Debug|Any CPU.Build.0 = Debug|Any CPU
		{2472F8D2-026E-49E7-A39C-0C68AB2C691C}.Release|Any CPU.ActiveCfg = Release|Any CPU
		{2472F8D2-026E-49E7-A39C-0C68AB2C691C}.Release|Any CPU.Build.0 = Release|Any CPU
	EndGlobalSection
	GlobalSection(SolutionProperties) = preSolution
		HideSolutionNode = FALSE
	EndGlobalSection
	GlobalSection(ExtensibilityGlobals) = postSolution
		SolutionGuid = {A0DD4B60-5B51-4E0F-B099-EF8533312804}
	EndGlobalSection
EndGlobal
